// !$*UTF8*$!
{
	archiveVersion = 1;
	classes = {
	};
	objectVersion = 51;
	objects = {

/* Begin PBXBuildFile section */
		29972913541AAED57EE2CEC4 /* Pods_FruitsAppTests.framework in Frameworks */ = {isa = PBXBuildFile; fileRef = 46F39A39DC1BAC22051F9738 /* Pods_FruitsAppTests.framework */; };
		4BD0B743DA044A44DFBF18C3 /* Pods_FruitsApp.framework in Frameworks */ = {isa = PBXBuildFile; fileRef = EADE5374BA3D0B523D7C8900 /* Pods_FruitsApp.framework */; };
		BD51DB3DF61744556B4F1C15 /* Pods_FruitsApp_FruitsAppUITests.framework in Frameworks */ = {isa = PBXBuildFile; fileRef = 81B72DB68263217FAF84F32E /* Pods_FruitsApp_FruitsAppUITests.framework */; };
		F91E9731276E4E15009A2EE7 /* AppDelegate.swift in Sources */ = {isa = PBXBuildFile; fileRef = F91E9730276E4E15009A2EE7 /* AppDelegate.swift */; };
		F91E9733276E4E15009A2EE7 /* SceneDelegate.swift in Sources */ = {isa = PBXBuildFile; fileRef = F91E9732276E4E15009A2EE7 /* SceneDelegate.swift */; };
		F91E9735276E4E15009A2EE7 /* FruitsTableViewController.swift in Sources */ = {isa = PBXBuildFile; fileRef = F91E9734276E4E15009A2EE7 /* FruitsTableViewController.swift */; };
		F91E9738276E4E15009A2EE7 /* Main.storyboard in Resources */ = {isa = PBXBuildFile; fileRef = F91E9736276E4E15009A2EE7 /* Main.storyboard */; };
		F91E973A276E4E17009A2EE7 /* Assets.xcassets in Resources */ = {isa = PBXBuildFile; fileRef = F91E9739276E4E17009A2EE7 /* Assets.xcassets */; };
		F91E973D276E4E17009A2EE7 /* LaunchScreen.storyboard in Resources */ = {isa = PBXBuildFile; fileRef = F91E973B276E4E17009A2EE7 /* LaunchScreen.storyboard */; };
		F91E9748276E4E18009A2EE7 /* FruitsAppTests.swift in Sources */ = {isa = PBXBuildFile; fileRef = F91E9747276E4E18009A2EE7 /* FruitsAppTests.swift */; };
		F91E9753276E4E18009A2EE7 /* FruitsAppUITests.swift in Sources */ = {isa = PBXBuildFile; fileRef = F91E9752276E4E18009A2EE7 /* FruitsAppUITests.swift */; };
		F91E9770276E4F93009A2EE7 /* WebService.swift in Sources */ = {isa = PBXBuildFile; fileRef = F91E976F276E4F93009A2EE7 /* WebService.swift */; };
		F91E9771276E4F93009A2EE7 /* WebService.swift in Sources */ = {isa = PBXBuildFile; fileRef = F91E976F276E4F93009A2EE7 /* WebService.swift */; };
		F91E9779276E5789009A2EE7 /* Fruit.swift in Sources */ = {isa = PBXBuildFile; fileRef = F91E9778276E5789009A2EE7 /* Fruit.swift */; };
		F91E977A276E5789009A2EE7 /* Fruit.swift in Sources */ = {isa = PBXBuildFile; fileRef = F91E9778276E5789009A2EE7 /* Fruit.swift */; };
		F91E977F276E5842009A2EE7 /* FruitViewModel.swift in Sources */ = {isa = PBXBuildFile; fileRef = F91E977E276E5842009A2EE7 /* FruitViewModel.swift */; };
		F91E9780276E5842009A2EE7 /* FruitViewModel.swift in Sources */ = {isa = PBXBuildFile; fileRef = F91E977E276E5842009A2EE7 /* FruitViewModel.swift */; };
		F9C6B8CD276F77E40018061D /* FruitListViewModel.swift in Sources */ = {isa = PBXBuildFile; fileRef = F9C6B8CC276F77E40018061D /* FruitListViewModel.swift */; };
		F9C6B8CE276F77E40018061D /* FruitListViewModel.swift in Sources */ = {isa = PBXBuildFile; fileRef = F9C6B8CC276F77E40018061D /* FruitListViewModel.swift */; };
		F9C6B8D3276F78080018061D /* FruitDetailsViewModel.swift in Sources */ = {isa = PBXBuildFile; fileRef = F9C6B8D2276F78080018061D /* FruitDetailsViewModel.swift */; };
		F9C6B8D4276F78080018061D /* FruitDetailsViewModel.swift in Sources */ = {isa = PBXBuildFile; fileRef = F9C6B8D2276F78080018061D /* FruitDetailsViewModel.swift */; };
		F9E79289276E670B00232632 /* FruitDetailsViewController.swift in Sources */ = {isa = PBXBuildFile; fileRef = F9E79288276E670B00232632 /* FruitDetailsViewController.swift */; };
		F9E7928F276E835F00232632 /* UsageStat.swift in Sources */ = {isa = PBXBuildFile; fileRef = F9E7928E276E835F00232632 /* UsageStat.swift */; };
		F9E79294276E843D00232632 /* UsageEventViewModel.swift in Sources */ = {isa = PBXBuildFile; fileRef = F9E79293276E843D00232632 /* UsageEventViewModel.swift */; };
/* End PBXBuildFile section */

/* Begin PBXContainerItemProxy section */
		F91E9744276E4E18009A2EE7 /* PBXContainerItemProxy */ = {
			isa = PBXContainerItemProxy;
			containerPortal = F91E9725276E4E15009A2EE7 /* Project object */;
			proxyType = 1;
			remoteGlobalIDString = F91E972C276E4E15009A2EE7;
			remoteInfo = FruitsApp;
		};
		F91E974F276E4E18009A2EE7 /* PBXContainerItemProxy */ = {
			isa = PBXContainerItemProxy;
			containerPortal = F91E9725276E4E15009A2EE7 /* Project object */;
			proxyType = 1;
			remoteGlobalIDString = F91E972C276E4E15009A2EE7;
			remoteInfo = FruitsApp;
		};
/* End PBXContainerItemProxy section */

/* Begin PBXFileReference section */
		0AF4E18FA1F6F4BB3E112746 /* Pods-FruitsApp-FruitsAppUITests.release.xcconfig */ = {isa = PBXFileReference; includeInIndex = 1; lastKnownFileType = text.xcconfig; name = "Pods-FruitsApp-FruitsAppUITests.release.xcconfig"; path = "Target Support Files/Pods-FruitsApp-FruitsAppUITests/Pods-FruitsApp-FruitsAppUITests.release.xcconfig"; sourceTree = "<group>"; };
		1DBD0C455F5313295AFB9243 /* Pods-FruitsAppTests.release.xcconfig */ = {isa = PBXFileReference; includeInIndex = 1; lastKnownFileType = text.xcconfig; name = "Pods-FruitsAppTests.release.xcconfig"; path = "Target Support Files/Pods-FruitsAppTests/Pods-FruitsAppTests.release.xcconfig"; sourceTree = "<group>"; };
		2A4D12B4E7E859295BAA3D4B /* Pods-FruitsApp.debug.xcconfig */ = {isa = PBXFileReference; includeInIndex = 1; lastKnownFileType = text.xcconfig; name = "Pods-FruitsApp.debug.xcconfig"; path = "Target Support Files/Pods-FruitsApp/Pods-FruitsApp.debug.xcconfig"; sourceTree = "<group>"; };
		46F39A39DC1BAC22051F9738 /* Pods_FruitsAppTests.framework */ = {isa = PBXFileReference; explicitFileType = wrapper.framework; includeInIndex = 0; path = Pods_FruitsAppTests.framework; sourceTree = BUILT_PRODUCTS_DIR; };
		47A67F2133D2B44C14A0C193 /* Pods-FruitsApp.release.xcconfig */ = {isa = PBXFileReference; includeInIndex = 1; lastKnownFileType = text.xcconfig; name = "Pods-FruitsApp.release.xcconfig"; path = "Target Support Files/Pods-FruitsApp/Pods-FruitsApp.release.xcconfig"; sourceTree = "<group>"; };
		681654C675A29D0222C84F4C /* Pods-FruitsAppTests.debug.xcconfig */ = {isa = PBXFileReference; includeInIndex = 1; lastKnownFileType = text.xcconfig; name = "Pods-FruitsAppTests.debug.xcconfig"; path = "Target Support Files/Pods-FruitsAppTests/Pods-FruitsAppTests.debug.xcconfig"; sourceTree = "<group>"; };
		81B72DB68263217FAF84F32E /* Pods_FruitsApp_FruitsAppUITests.framework */ = {isa = PBXFileReference; explicitFileType = wrapper.framework; includeInIndex = 0; path = Pods_FruitsApp_FruitsAppUITests.framework; sourceTree = BUILT_PRODUCTS_DIR; };
		89CA2BFF9AF81E35E5F6DDB7 /* Pods-FruitsApp-FruitsAppUITests.debug.xcconfig */ = {isa = PBXFileReference; includeInIndex = 1; lastKnownFileType = text.xcconfig; name = "Pods-FruitsApp-FruitsAppUITests.debug.xcconfig"; path = "Target Support Files/Pods-FruitsApp-FruitsAppUITests/Pods-FruitsApp-FruitsAppUITests.debug.xcconfig"; sourceTree = "<group>"; };
		EADE5374BA3D0B523D7C8900 /* Pods_FruitsApp.framework */ = {isa = PBXFileReference; explicitFileType = wrapper.framework; includeInIndex = 0; path = Pods_FruitsApp.framework; sourceTree = BUILT_PRODUCTS_DIR; };
		F91E972D276E4E15009A2EE7 /* FruitsApp.app */ = {isa = PBXFileReference; explicitFileType = wrapper.application; includeInIndex = 0; path = FruitsApp.app; sourceTree = BUILT_PRODUCTS_DIR; };
		F91E9730276E4E15009A2EE7 /* AppDelegate.swift */ = {isa = PBXFileReference; lastKnownFileType = sourcecode.swift; path = AppDelegate.swift; sourceTree = "<group>"; };
		F91E9732276E4E15009A2EE7 /* SceneDelegate.swift */ = {isa = PBXFileReference; lastKnownFileType = sourcecode.swift; path = SceneDelegate.swift; sourceTree = "<group>"; };
		F91E9734276E4E15009A2EE7 /* FruitsTableViewController.swift */ = {isa = PBXFileReference; lastKnownFileType = sourcecode.swift; path = FruitsTableViewController.swift; sourceTree = "<group>"; };
		F91E9737276E4E15009A2EE7 /* Base */ = {isa = PBXFileReference; lastKnownFileType = file.storyboard; name = Base; path = Base.lproj/Main.storyboard; sourceTree = "<group>"; };
		F91E9739276E4E17009A2EE7 /* Assets.xcassets */ = {isa = PBXFileReference; lastKnownFileType = folder.assetcatalog; path = Assets.xcassets; sourceTree = "<group>"; };
		F91E973C276E4E17009A2EE7 /* Base */ = {isa = PBXFileReference; lastKnownFileType = file.storyboard; name = Base; path = Base.lproj/LaunchScreen.storyboard; sourceTree = "<group>"; };
		F91E973E276E4E17009A2EE7 /* Info.plist */ = {isa = PBXFileReference; lastKnownFileType = text.plist.xml; path = Info.plist; sourceTree = "<group>"; };
		F91E9743276E4E18009A2EE7 /* FruitsAppTests.xctest */ = {isa = PBXFileReference; explicitFileType = wrapper.cfbundle; includeInIndex = 0; path = FruitsAppTests.xctest; sourceTree = BUILT_PRODUCTS_DIR; };
		F91E9747276E4E18009A2EE7 /* FruitsAppTests.swift */ = {isa = PBXFileReference; lastKnownFileType = sourcecode.swift; path = FruitsAppTests.swift; sourceTree = "<group>"; };
		F91E9749276E4E18009A2EE7 /* Info.plist */ = {isa = PBXFileReference; lastKnownFileType = text.plist.xml; path = Info.plist; sourceTree = "<group>"; };
		F91E974E276E4E18009A2EE7 /* FruitsAppUITests.xctest */ = {isa = PBXFileReference; explicitFileType = wrapper.cfbundle; includeInIndex = 0; path = FruitsAppUITests.xctest; sourceTree = BUILT_PRODUCTS_DIR; };
		F91E9752276E4E18009A2EE7 /* FruitsAppUITests.swift */ = {isa = PBXFileReference; lastKnownFileType = sourcecode.swift; path = FruitsAppUITests.swift; sourceTree = "<group>"; };
		F91E9754276E4E18009A2EE7 /* Info.plist */ = {isa = PBXFileReference; lastKnownFileType = text.plist.xml; path = Info.plist; sourceTree = "<group>"; };
		F91E976F276E4F93009A2EE7 /* WebService.swift */ = {isa = PBXFileReference; lastKnownFileType = sourcecode.swift; path = WebService.swift; sourceTree = "<group>"; };
		F91E9778276E5789009A2EE7 /* Fruit.swift */ = {isa = PBXFileReference; lastKnownFileType = sourcecode.swift; path = Fruit.swift; sourceTree = "<group>"; };
		F91E977E276E5842009A2EE7 /* FruitViewModel.swift */ = {isa = PBXFileReference; lastKnownFileType = sourcecode.swift; path = FruitViewModel.swift; sourceTree = "<group>"; };
		F9C6B8CC276F77E40018061D /* FruitListViewModel.swift */ = {isa = PBXFileReference; lastKnownFileType = sourcecode.swift; path = FruitListViewModel.swift; sourceTree = "<group>"; };
		F9C6B8D2276F78080018061D /* FruitDetailsViewModel.swift */ = {isa = PBXFileReference; lastKnownFileType = sourcecode.swift; path = FruitDetailsViewModel.swift; sourceTree = "<group>"; };
		F9E79288276E670B00232632 /* FruitDetailsViewController.swift */ = {isa = PBXFileReference; lastKnownFileType = sourcecode.swift; path = FruitDetailsViewController.swift; sourceTree = "<group>"; };
		F9E7928E276E835F00232632 /* UsageStat.swift */ = {isa = PBXFileReference; lastKnownFileType = sourcecode.swift; path = UsageStat.swift; sourceTree = "<group>"; };
		F9E79293276E843D00232632 /* UsageEventViewModel.swift */ = {isa = PBXFileReference; lastKnownFileType = sourcecode.swift; path = UsageEventViewModel.swift; sourceTree = "<group>"; };
/* End PBXFileReference section */

/* Begin PBXFrameworksBuildPhase section */
		F91E972A276E4E15009A2EE7 /* Frameworks */ = {
			isa = PBXFrameworksBuildPhase;
			buildActionMask = 2147483647;
			files = (
				4BD0B743DA044A44DFBF18C3 /* Pods_FruitsApp.framework in Frameworks */,
			);
			runOnlyForDeploymentPostprocessing = 0;
		};
		F91E9740276E4E18009A2EE7 /* Frameworks */ = {
			isa = PBXFrameworksBuildPhase;
			buildActionMask = 2147483647;
			files = (
				29972913541AAED57EE2CEC4 /* Pods_FruitsAppTests.framework in Frameworks */,
			);
			runOnlyForDeploymentPostprocessing = 0;
		};
		F91E974B276E4E18009A2EE7 /* Frameworks */ = {
			isa = PBXFrameworksBuildPhase;
			buildActionMask = 2147483647;
			files = (
				BD51DB3DF61744556B4F1C15 /* Pods_FruitsApp_FruitsAppUITests.framework in Frameworks */,
			);
			runOnlyForDeploymentPostprocessing = 0;
		};
/* End PBXFrameworksBuildPhase section */

/* Begin PBXGroup section */
		53072160CF77024CA32F3351 /* Frameworks */ = {
			isa = PBXGroup;
			children = (
				EADE5374BA3D0B523D7C8900 /* Pods_FruitsApp.framework */,
				81B72DB68263217FAF84F32E /* Pods_FruitsApp_FruitsAppUITests.framework */,
				46F39A39DC1BAC22051F9738 /* Pods_FruitsAppTests.framework */,
			);
			name = Frameworks;
			sourceTree = "<group>";
		};
		BD1E1C29CE9C768116197626 /* Pods */ = {
			isa = PBXGroup;
			children = (
				2A4D12B4E7E859295BAA3D4B /* Pods-FruitsApp.debug.xcconfig */,
				47A67F2133D2B44C14A0C193 /* Pods-FruitsApp.release.xcconfig */,
				89CA2BFF9AF81E35E5F6DDB7 /* Pods-FruitsApp-FruitsAppUITests.debug.xcconfig */,
				0AF4E18FA1F6F4BB3E112746 /* Pods-FruitsApp-FruitsAppUITests.release.xcconfig */,
				681654C675A29D0222C84F4C /* Pods-FruitsAppTests.debug.xcconfig */,
				1DBD0C455F5313295AFB9243 /* Pods-FruitsAppTests.release.xcconfig */,
			);
			path = Pods;
			sourceTree = "<group>";
		};
		F91E9724276E4E15009A2EE7 = {
			isa = PBXGroup;
			children = (
				F91E972F276E4E15009A2EE7 /* FruitsApp */,
				F91E9746276E4E18009A2EE7 /* FruitsAppTests */,
				F91E9751276E4E18009A2EE7 /* FruitsAppUITests */,
				F91E972E276E4E15009A2EE7 /* Products */,
				BD1E1C29CE9C768116197626 /* Pods */,
				53072160CF77024CA32F3351 /* Frameworks */,
			);
			sourceTree = "<group>";
		};
		F91E972E276E4E15009A2EE7 /* Products */ = {
			isa = PBXGroup;
			children = (
				F91E972D276E4E15009A2EE7 /* FruitsApp.app */,
				F91E9743276E4E18009A2EE7 /* FruitsAppTests.xctest */,
				F91E974E276E4E18009A2EE7 /* FruitsAppUITests.xctest */,
			);
			name = Products;
			sourceTree = "<group>";
		};
		F91E972F276E4E15009A2EE7 /* FruitsApp */ = {
			isa = PBXGroup;
			children = (
				F91E976E276E4F3E009A2EE7 /* Controllers */,
				F91E976A276E4F28009A2EE7 /* Services */,
				F91E9769276E4F1F009A2EE7 /* ViewModel */,
				F91E9766276E4EEA009A2EE7 /* Model */,
				F9E792A2276E9A1800232632 /* Extensions */,
				F91E9730276E4E15009A2EE7 /* AppDelegate.swift */,
				F91E9732276E4E15009A2EE7 /* SceneDelegate.swift */,
				F91E9736276E4E15009A2EE7 /* Main.storyboard */,
				F91E9739276E4E17009A2EE7 /* Assets.xcassets */,
				F91E973B276E4E17009A2EE7 /* LaunchScreen.storyboard */,
				F91E973E276E4E17009A2EE7 /* Info.plist */,
			);
			path = FruitsApp;
			sourceTree = "<group>";
		};
		F91E9746276E4E18009A2EE7 /* FruitsAppTests */ = {
			isa = PBXGroup;
			children = (
				F91E9747276E4E18009A2EE7 /* FruitsAppTests.swift */,
				F91E9749276E4E18009A2EE7 /* Info.plist */,
			);
			path = FruitsAppTests;
			sourceTree = "<group>";
		};
		F91E9751276E4E18009A2EE7 /* FruitsAppUITests */ = {
			isa = PBXGroup;
			children = (
				F91E9752276E4E18009A2EE7 /* FruitsAppUITests.swift */,
				F91E9754276E4E18009A2EE7 /* Info.plist */,
			);
			path = FruitsAppUITests;
			sourceTree = "<group>";
		};
		F91E9766276E4EEA009A2EE7 /* Model */ = {
			isa = PBXGroup;
			children = (
				F91E9778276E5789009A2EE7 /* Fruit.swift */,
				F9E7928E276E835F00232632 /* UsageStat.swift */,
			);
			path = Model;
			sourceTree = "<group>";
		};
		F91E9769276E4F1F009A2EE7 /* ViewModel */ = {
			isa = PBXGroup;
			children = (
				F91E977E276E5842009A2EE7 /* FruitViewModel.swift */,
				F9E79293276E843D00232632 /* UsageEventViewModel.swift */,
				F9C6B8CC276F77E40018061D /* FruitListViewModel.swift */,
				F9C6B8D2276F78080018061D /* FruitDetailsViewModel.swift */,
			);
			path = ViewModel;
			sourceTree = "<group>";
		};
		F91E976A276E4F28009A2EE7 /* Services */ = {
			isa = PBXGroup;
			children = (
				F91E976F276E4F93009A2EE7 /* WebService.swift */,
			);
			path = Services;
			sourceTree = "<group>";
		};
		F91E976E276E4F3E009A2EE7 /* Controllers */ = {
			isa = PBXGroup;
			children = (
				F91E9734276E4E15009A2EE7 /* FruitsTableViewController.swift */,
				F9E79288276E670B00232632 /* FruitDetailsViewController.swift */,
			);
			path = Controllers;
			sourceTree = "<group>";
		};
		F9E792A2276E9A1800232632 /* Extensions */ = {
			isa = PBXGroup;
			children = (
			);
			name = Extensions;
			sourceTree = "<group>";
		};
/* End PBXGroup section */

/* Begin PBXNativeTarget section */
		F91E972C276E4E15009A2EE7 /* FruitsApp */ = {
			isa = PBXNativeTarget;
			buildConfigurationList = F91E9757276E4E18009A2EE7 /* Build configuration list for PBXNativeTarget "FruitsApp" */;
			buildPhases = (
				C3E34A9D7C8961AE94DF32A1 /* [CP] Check Pods Manifest.lock */,
				F91E9729276E4E15009A2EE7 /* Sources */,
				F91E972A276E4E15009A2EE7 /* Frameworks */,
				F91E972B276E4E15009A2EE7 /* Resources */,
				300EE93684A7E50A3070858B /* [CP] Embed Pods Frameworks */,
			);
			buildRules = (
			);
			dependencies = (
			);
			name = FruitsApp;
			productName = FruitsApp;
			productReference = F91E972D276E4E15009A2EE7 /* FruitsApp.app */;
			productType = "com.apple.product-type.application";
		};
		F91E9742276E4E18009A2EE7 /* FruitsAppTests */ = {
			isa = PBXNativeTarget;
			buildConfigurationList = F91E975A276E4E18009A2EE7 /* Build configuration list for PBXNativeTarget "FruitsAppTests" */;
			buildPhases = (
				6DA200DAA4047BE2327F9ADC /* [CP] Check Pods Manifest.lock */,
				F91E973F276E4E18009A2EE7 /* Sources */,
				F91E9740276E4E18009A2EE7 /* Frameworks */,
				F91E9741276E4E18009A2EE7 /* Resources */,
			);
			buildRules = (
			);
			dependencies = (
				F91E9745276E4E18009A2EE7 /* PBXTargetDependency */,
			);
			name = FruitsAppTests;
			productName = FruitsAppTests;
			productReference = F91E9743276E4E18009A2EE7 /* FruitsAppTests.xctest */;
			productType = "com.apple.product-type.bundle.unit-test";
		};
		F91E974D276E4E18009A2EE7 /* FruitsAppUITests */ = {
			isa = PBXNativeTarget;
			buildConfigurationList = F91E975D276E4E18009A2EE7 /* Build configuration list for PBXNativeTarget "FruitsAppUITests" */;
			buildPhases = (
				302754F7E5E2E4ED49D1C0E4 /* [CP] Check Pods Manifest.lock */,
				F91E974A276E4E18009A2EE7 /* Sources */,
				F91E974B276E4E18009A2EE7 /* Frameworks */,
				F91E974C276E4E18009A2EE7 /* Resources */,
				FBEF58FC99CDCE09F871F6AA /* [CP] Embed Pods Frameworks */,
			);
			buildRules = (
			);
			dependencies = (
				F91E9750276E4E18009A2EE7 /* PBXTargetDependency */,
			);
			name = FruitsAppUITests;
			productName = FruitsAppUITests;
			productReference = F91E974E276E4E18009A2EE7 /* FruitsAppUITests.xctest */;
			productType = "com.apple.product-type.bundle.ui-testing";
		};
/* End PBXNativeTarget section */

/* Begin PBXProject section */
		F91E9725276E4E15009A2EE7 /* Project object */ = {
			isa = PBXProject;
			attributes = {
				LastSwiftUpdateCheck = 1240;
				LastUpgradeCheck = 1240;
				TargetAttributes = {
					F91E972C276E4E15009A2EE7 = {
						CreatedOnToolsVersion = 12.4;
					};
					F91E9742276E4E18009A2EE7 = {
						CreatedOnToolsVersion = 12.4;
						TestTargetID = F91E972C276E4E15009A2EE7;
					};
					F91E974D276E4E18009A2EE7 = {
						CreatedOnToolsVersion = 12.4;
						TestTargetID = F91E972C276E4E15009A2EE7;
					};
				};
			};
			buildConfigurationList = F91E9728276E4E15009A2EE7 /* Build configuration list for PBXProject "FruitsApp" */;
			compatibilityVersion = "Xcode 9.3";
			developmentRegion = en;
			hasScannedForEncodings = 0;
			knownRegions = (
				en,
				Base,
			);
			mainGroup = F91E9724276E4E15009A2EE7;
			productRefGroup = F91E972E276E4E15009A2EE7 /* Products */;
			projectDirPath = "";
			projectRoot = "";
			targets = (
				F91E972C276E4E15009A2EE7 /* FruitsApp */,
				F91E9742276E4E18009A2EE7 /* FruitsAppTests */,
				F91E974D276E4E18009A2EE7 /* FruitsAppUITests */,
			);
		};
/* End PBXProject section */

/* Begin PBXResourcesBuildPhase section */
		F91E972B276E4E15009A2EE7 /* Resources */ = {
			isa = PBXResourcesBuildPhase;
			buildActionMask = 2147483647;
			files = (
				F91E973D276E4E17009A2EE7 /* LaunchScreen.storyboard in Resources */,
				F91E973A276E4E17009A2EE7 /* Assets.xcassets in Resources */,
				F91E9738276E4E15009A2EE7 /* Main.storyboard in Resources */,
			);
			runOnlyForDeploymentPostprocessing = 0;
		};
		F91E9741276E4E18009A2EE7 /* Resources */ = {
			isa = PBXResourcesBuildPhase;
			buildActionMask = 2147483647;
			files = (
			);
			runOnlyForDeploymentPostprocessing = 0;
		};
		F91E974C276E4E18009A2EE7 /* Resources */ = {
			isa = PBXResourcesBuildPhase;
			buildActionMask = 2147483647;
			files = (
			);
			runOnlyForDeploymentPostprocessing = 0;
		};
/* End PBXResourcesBuildPhase section */

/* Begin PBXShellScriptBuildPhase section */
		300EE93684A7E50A3070858B /* [CP] Embed Pods Frameworks */ = {
			isa = PBXShellScriptBuildPhase;
			buildActionMask = 2147483647;
			files = (
			);
			inputFileListPaths = (
				"${PODS_ROOT}/Target Support Files/Pods-FruitsApp/Pods-FruitsApp-frameworks-${CONFIGURATION}-input-files.xcfilelist",
			);
			name = "[CP] Embed Pods Frameworks";
			outputFileListPaths = (
				"${PODS_ROOT}/Target Support Files/Pods-FruitsApp/Pods-FruitsApp-frameworks-${CONFIGURATION}-output-files.xcfilelist",
			);
			runOnlyForDeploymentPostprocessing = 0;
			shellPath = /bin/sh;
			shellScript = "\"${PODS_ROOT}/Target Support Files/Pods-FruitsApp/Pods-FruitsApp-frameworks.sh\"\n";
			showEnvVarsInLog = 0;
		};
		302754F7E5E2E4ED49D1C0E4 /* [CP] Check Pods Manifest.lock */ = {
			isa = PBXShellScriptBuildPhase;
			buildActionMask = 2147483647;
			files = (
			);
			inputFileListPaths = (
			);
			inputPaths = (
				"${PODS_PODFILE_DIR_PATH}/Podfile.lock",
				"${PODS_ROOT}/Manifest.lock",
			);
			name = "[CP] Check Pods Manifest.lock";
			outputFileListPaths = (
			);
			outputPaths = (
				"$(DERIVED_FILE_DIR)/Pods-FruitsApp-FruitsAppUITests-checkManifestLockResult.txt",
			);
			runOnlyForDeploymentPostprocessing = 0;
			shellPath = /bin/sh;
			shellScript = "diff \"${PODS_PODFILE_DIR_PATH}/Podfile.lock\" \"${PODS_ROOT}/Manifest.lock\" > /dev/null\nif [ $? != 0 ] ; then\n    # print error to STDERR\n    echo \"error: The sandbox is not in sync with the Podfile.lock. Run 'pod install' or update your CocoaPods installation.\" >&2\n    exit 1\nfi\n# This output is used by Xcode 'outputs' to avoid re-running this script phase.\necho \"SUCCESS\" > \"${SCRIPT_OUTPUT_FILE_0}\"\n";
			showEnvVarsInLog = 0;
		};
		6DA200DAA4047BE2327F9ADC /* [CP] Check Pods Manifest.lock */ = {
			isa = PBXShellScriptBuildPhase;
			buildActionMask = 2147483647;
			files = (
			);
			inputFileListPaths = (
			);
			inputPaths = (
				"${PODS_PODFILE_DIR_PATH}/Podfile.lock",
				"${PODS_ROOT}/Manifest.lock",
			);
			name = "[CP] Check Pods Manifest.lock";
			outputFileListPaths = (
			);
			outputPaths = (
				"$(DERIVED_FILE_DIR)/Pods-FruitsAppTests-checkManifestLockResult.txt",
			);
			runOnlyForDeploymentPostprocessing = 0;
			shellPath = /bin/sh;
			shellScript = "diff \"${PODS_PODFILE_DIR_PATH}/Podfile.lock\" \"${PODS_ROOT}/Manifest.lock\" > /dev/null\nif [ $? != 0 ] ; then\n    # print error to STDERR\n    echo \"error: The sandbox is not in sync with the Podfile.lock. Run 'pod install' or update your CocoaPods installation.\" >&2\n    exit 1\nfi\n# This output is used by Xcode 'outputs' to avoid re-running this script phase.\necho \"SUCCESS\" > \"${SCRIPT_OUTPUT_FILE_0}\"\n";
			showEnvVarsInLog = 0;
		};
		C3E34A9D7C8961AE94DF32A1 /* [CP] Check Pods Manifest.lock */ = {
			isa = PBXShellScriptBuildPhase;
			buildActionMask = 2147483647;
			files = (
			);
			inputFileListPaths = (
			);
			inputPaths = (
				"${PODS_PODFILE_DIR_PATH}/Podfile.lock",
				"${PODS_ROOT}/Manifest.lock",
			);
			name = "[CP] Check Pods Manifest.lock";
			outputFileListPaths = (
			);
			outputPaths = (
				"$(DERIVED_FILE_DIR)/Pods-FruitsApp-checkManifestLockResult.txt",
			);
			runOnlyForDeploymentPostprocessing = 0;
			shellPath = /bin/sh;
			shellScript = "diff \"${PODS_PODFILE_DIR_PATH}/Podfile.lock\" \"${PODS_ROOT}/Manifest.lock\" > /dev/null\nif [ $? != 0 ] ; then\n    # print error to STDERR\n    echo \"error: The sandbox is not in sync with the Podfile.lock. Run 'pod install' or update your CocoaPods installation.\" >&2\n    exit 1\nfi\n# This output is used by Xcode 'outputs' to avoid re-running this script phase.\necho \"SUCCESS\" > \"${SCRIPT_OUTPUT_FILE_0}\"\n";
			showEnvVarsInLog = 0;
		};
		FBEF58FC99CDCE09F871F6AA /* [CP] Embed Pods Frameworks */ = {
			isa = PBXShellScriptBuildPhase;
			buildActionMask = 2147483647;
			files = (
			);
			inputFileListPaths = (
				"${PODS_ROOT}/Target Support Files/Pods-FruitsApp-FruitsAppUITests/Pods-FruitsApp-FruitsAppUITests-frameworks-${CONFIGURATION}-input-files.xcfilelist",
			);
			name = "[CP] Embed Pods Frameworks";
			outputFileListPaths = (
				"${PODS_ROOT}/Target Support Files/Pods-FruitsApp-FruitsAppUITests/Pods-FruitsApp-FruitsAppUITests-frameworks-${CONFIGURATION}-output-files.xcfilelist",
			);
			runOnlyForDeploymentPostprocessing = 0;
			shellPath = /bin/sh;
			shellScript = "\"${PODS_ROOT}/Target Support Files/Pods-FruitsApp-FruitsAppUITests/Pods-FruitsApp-FruitsAppUITests-frameworks.sh\"\n";
			showEnvVarsInLog = 0;
		};
/* End PBXShellScriptBuildPhase section */

/* Begin PBXSourcesBuildPhase section */
		F91E9729276E4E15009A2EE7 /* Sources */ = {
			isa = PBXSourcesBuildPhase;
			buildActionMask = 2147483647;
			files = (
				F9C6B8D3276F78080018061D /* FruitDetailsViewModel.swift in Sources */,
				F91E9779276E5789009A2EE7 /* Fruit.swift in Sources */,
				F9C6B8CD276F77E40018061D /* FruitListViewModel.swift in Sources */,
				F91E977F276E5842009A2EE7 /* FruitViewModel.swift in Sources */,
				F91E9735276E4E15009A2EE7 /* FruitsTableViewController.swift in Sources */,
				F9E7928F276E835F00232632 /* UsageStat.swift in Sources */,
				F91E9731276E4E15009A2EE7 /* AppDelegate.swift in Sources */,
				F9E79289276E670B00232632 /* FruitDetailsViewController.swift in Sources */,
				F91E9770276E4F93009A2EE7 /* WebService.swift in Sources */,
				F91E9733276E4E15009A2EE7 /* SceneDelegate.swift in Sources */,
				F9E79294276E843D00232632 /* UsageEventViewModel.swift in Sources */,
			);
			runOnlyForDeploymentPostprocessing = 0;
		};
		F91E973F276E4E18009A2EE7 /* Sources */ = {
			isa = PBXSourcesBuildPhase;
			buildActionMask = 2147483647;
			files = (
				F91E977A276E5789009A2EE7 /* Fruit.swift in Sources */,
				F9C6B8CE276F77E40018061D /* FruitListViewModel.swift in Sources */,
				F9C6B8D4276F78080018061D /* FruitDetailsViewModel.swift in Sources */,
				F91E9780276E5842009A2EE7 /* FruitViewModel.swift in Sources */,
				F91E9771276E4F93009A2EE7 /* WebService.swift in Sources */,
				F91E9748276E4E18009A2EE7 /* FruitsAppTests.swift in Sources */,
			);
			runOnlyForDeploymentPostprocessing = 0;
		};
		F91E974A276E4E18009A2EE7 /* Sources */ = {
			isa = PBXSourcesBuildPhase;
			buildActionMask = 2147483647;
			files = (
				F91E9753276E4E18009A2EE7 /* FruitsAppUITests.swift in Sources */,
			);
			runOnlyForDeploymentPostprocessing = 0;
		};
/* End PBXSourcesBuildPhase section */

/* Begin PBXTargetDependency section */
		F91E9745276E4E18009A2EE7 /* PBXTargetDependency */ = {
			isa = PBXTargetDependency;
			target = F91E972C276E4E15009A2EE7 /* FruitsApp */;
			targetProxy = F91E9744276E4E18009A2EE7 /* PBXContainerItemProxy */;
		};
		F91E9750276E4E18009A2EE7 /* PBXTargetDependency */ = {
			isa = PBXTargetDependency;
			target = F91E972C276E4E15009A2EE7 /* FruitsApp */;
			targetProxy = F91E974F276E4E18009A2EE7 /* PBXContainerItemProxy */;
		};
/* End PBXTargetDependency section */

/* Begin PBXVariantGroup section */
		F91E9736276E4E15009A2EE7 /* Main.storyboard */ = {
			isa = PBXVariantGroup;
			children = (
				F91E9737276E4E15009A2EE7 /* Base */,
			);
			name = Main.storyboard;
			sourceTree = "<group>";
		};
		F91E973B276E4E17009A2EE7 /* LaunchScreen.storyboard */ = {
			isa = PBXVariantGroup;
			children = (
				F91E973C276E4E17009A2EE7 /* Base */,
			);
			name = LaunchScreen.storyboard;
			sourceTree = "<group>";
		};
/* End PBXVariantGroup section */

/* Begin XCBuildConfiguration section */
		F91E9755276E4E18009A2EE7 /* Debug */ = {
			isa = XCBuildConfiguration;
			buildSettings = {
				ALWAYS_SEARCH_USER_PATHS = NO;
				CLANG_ANALYZER_NONNULL = YES;
				CLANG_ANALYZER_NUMBER_OBJECT_CONVERSION = YES_AGGRESSIVE;
				CLANG_CXX_LANGUAGE_STANDARD = "gnu++14";
				CLANG_CXX_LIBRARY = "libc++";
				CLANG_ENABLE_MODULES = YES;
				CLANG_ENABLE_OBJC_ARC = YES;
				CLANG_ENABLE_OBJC_WEAK = YES;
				CLANG_WARN_BLOCK_CAPTURE_AUTORELEASING = YES;
				CLANG_WARN_BOOL_CONVERSION = YES;
				CLANG_WARN_COMMA = YES;
				CLANG_WARN_CONSTANT_CONVERSION = YES;
				CLANG_WARN_DEPRECATED_OBJC_IMPLEMENTATIONS = YES;
				CLANG_WARN_DIRECT_OBJC_ISA_USAGE = YES_ERROR;
				CLANG_WARN_DOCUMENTATION_COMMENTS = YES;
				CLANG_WARN_EMPTY_BODY = YES;
				CLANG_WARN_ENUM_CONVERSION = YES;
				CLANG_WARN_INFINITE_RECURSION = YES;
				CLANG_WARN_INT_CONVERSION = YES;
				CLANG_WARN_NON_LITERAL_NULL_CONVERSION = YES;
				CLANG_WARN_OBJC_IMPLICIT_RETAIN_SELF = YES;
				CLANG_WARN_OBJC_LITERAL_CONVERSION = YES;
				CLANG_WARN_OBJC_ROOT_CLASS = YES_ERROR;
				CLANG_WARN_QUOTED_INCLUDE_IN_FRAMEWORK_HEADER = YES;
				CLANG_WARN_RANGE_LOOP_ANALYSIS = YES;
				CLANG_WARN_STRICT_PROTOTYPES = YES;
				CLANG_WARN_SUSPICIOUS_MOVE = YES;
				CLANG_WARN_UNGUARDED_AVAILABILITY = YES_AGGRESSIVE;
				CLANG_WARN_UNREACHABLE_CODE = YES;
				CLANG_WARN__DUPLICATE_METHOD_MATCH = YES;
				COPY_PHASE_STRIP = NO;
				DEBUG_INFORMATION_FORMAT = dwarf;
				ENABLE_STRICT_OBJC_MSGSEND = YES;
				ENABLE_TESTABILITY = YES;
				GCC_C_LANGUAGE_STANDARD = gnu11;
				GCC_DYNAMIC_NO_PIC = NO;
				GCC_NO_COMMON_BLOCKS = YES;
				GCC_OPTIMIZATION_LEVEL = 0;
				GCC_PREPROCESSOR_DEFINITIONS = (
					"DEBUG=1",
					"$(inherited)",
				);
				GCC_WARN_64_TO_32_BIT_CONVERSION = YES;
				GCC_WARN_ABOUT_RETURN_TYPE = YES_ERROR;
				GCC_WARN_UNDECLARED_SELECTOR = YES;
				GCC_WARN_UNINITIALIZED_AUTOS = YES_AGGRESSIVE;
				GCC_WARN_UNUSED_FUNCTION = YES;
				GCC_WARN_UNUSED_VARIABLE = YES;
				IPHONEOS_DEPLOYMENT_TARGET = 14.4;
				MTL_ENABLE_DEBUG_INFO = INCLUDE_SOURCE;
				MTL_FAST_MATH = YES;
				ONLY_ACTIVE_ARCH = YES;
				SDKROOT = iphoneos;
				SWIFT_ACTIVE_COMPILATION_CONDITIONS = DEBUG;
				SWIFT_OPTIMIZATION_LEVEL = "-Onone";
			};
			name = Debug;
		};
		F91E9756276E4E18009A2EE7 /* Release */ = {
			isa = XCBuildConfiguration;
			buildSettings = {
				ALWAYS_SEARCH_USER_PATHS = NO;
				CLANG_ANALYZER_NONNULL = YES;
				CLANG_ANALYZER_NUMBER_OBJECT_CONVERSION = YES_AGGRESSIVE;
				CLANG_CXX_LANGUAGE_STANDARD = "gnu++14";
				CLANG_CXX_LIBRARY = "libc++";
				CLANG_ENABLE_MODULES = YES;
				CLANG_ENABLE_OBJC_ARC = YES;
				CLANG_ENABLE_OBJC_WEAK = YES;
				CLANG_WARN_BLOCK_CAPTURE_AUTORELEASING = YES;
				CLANG_WARN_BOOL_CONVERSION = YES;
				CLANG_WARN_COMMA = YES;
				CLANG_WARN_CONSTANT_CONVERSION = YES;
				CLANG_WARN_DEPRECATED_OBJC_IMPLEMENTATIONS = YES;
				CLANG_WARN_DIRECT_OBJC_ISA_USAGE = YES_ERROR;
				CLANG_WARN_DOCUMENTATION_COMMENTS = YES;
				CLANG_WARN_EMPTY_BODY = YES;
				CLANG_WARN_ENUM_CONVERSION = YES;
				CLANG_WARN_INFINITE_RECURSION = YES;
				CLANG_WARN_INT_CONVERSION = YES;
				CLANG_WARN_NON_LITERAL_NULL_CONVERSION = YES;
				CLANG_WARN_OBJC_IMPLICIT_RETAIN_SELF = YES;
				CLANG_WARN_OBJC_LITERAL_CONVERSION = YES;
				CLANG_WARN_OBJC_ROOT_CLASS = YES_ERROR;
				CLANG_WARN_QUOTED_INCLUDE_IN_FRAMEWORK_HEADER = YES;
				CLANG_WARN_RANGE_LOOP_ANALYSIS = YES;
				CLANG_WARN_STRICT_PROTOTYPES = YES;
				CLANG_WARN_SUSPICIOUS_MOVE = YES;
				CLANG_WARN_UNGUARDED_AVAILABILITY = YES_AGGRESSIVE;
				CLANG_WARN_UNREACHABLE_CODE = YES;
				CLANG_WARN__DUPLICATE_METHOD_MATCH = YES;
				COPY_PHASE_STRIP = NO;
				DEBUG_INFORMATION_FORMAT = "dwarf-with-dsym";
				ENABLE_NS_ASSERTIONS = NO;
				ENABLE_STRICT_OBJC_MSGSEND = YES;
				GCC_C_LANGUAGE_STANDARD = gnu11;
				GCC_NO_COMMON_BLOCKS = YES;
				GCC_WARN_64_TO_32_BIT_CONVERSION = YES;
				GCC_WARN_ABOUT_RETURN_TYPE = YES_ERROR;
				GCC_WARN_UNDECLARED_SELECTOR = YES;
				GCC_WARN_UNINITIALIZED_AUTOS = YES_AGGRESSIVE;
				GCC_WARN_UNUSED_FUNCTION = YES;
				GCC_WARN_UNUSED_VARIABLE = YES;
				IPHONEOS_DEPLOYMENT_TARGET = 14.4;
				MTL_ENABLE_DEBUG_INFO = NO;
				MTL_FAST_MATH = YES;
				SDKROOT = iphoneos;
				SWIFT_COMPILATION_MODE = wholemodule;
				SWIFT_OPTIMIZATION_LEVEL = "-O";
				VALIDATE_PRODUCT = YES;
			};
			name = Release;
		};
		F91E9758276E4E18009A2EE7 /* Debug */ = {
			isa = XCBuildConfiguration;
			baseConfigurationReference = 2A4D12B4E7E859295BAA3D4B /* Pods-FruitsApp.debug.xcconfig */;
			buildSettings = {
				ASSETCATALOG_COMPILER_APPICON_NAME = AppIcon;
				ASSETCATALOG_COMPILER_GLOBAL_ACCENT_COLOR_NAME = AccentColor;
				CODE_SIGN_STYLE = Automatic;
				INFOPLIST_FILE = FruitsApp/Info.plist;
				IPHONEOS_DEPLOYMENT_TARGET = 13.0;
				LD_RUNPATH_SEARCH_PATHS = (
					"$(inherited)",
					"@executable_path/Frameworks",
				);
				PRODUCT_BUNDLE_IDENTIFIER = com.rp.FruitsApp;
				PRODUCT_NAME = "$(TARGET_NAME)";
				SWIFT_VERSION = 5.0;
				TARGETED_DEVICE_FAMILY = "1,2";
			};
			name = Debug;
		};
		F91E9759276E4E18009A2EE7 /* Release */ = {
			isa = XCBuildConfiguration;
			baseConfigurationReference = 47A67F2133D2B44C14A0C193 /* Pods-FruitsApp.release.xcconfig */;
			buildSettings = {
				ASSETCATALOG_COMPILER_APPICON_NAME = AppIcon;
				ASSETCATALOG_COMPILER_GLOBAL_ACCENT_COLOR_NAME = AccentColor;
				CODE_SIGN_STYLE = Automatic;
				INFOPLIST_FILE = FruitsApp/Info.plist;
				IPHONEOS_DEPLOYMENT_TARGET = 13.0;
				LD_RUNPATH_SEARCH_PATHS = (
					"$(inherited)",
					"@executable_path/Frameworks",
				);
				PRODUCT_BUNDLE_IDENTIFIER = com.rp.FruitsApp;
				PRODUCT_NAME = "$(TARGET_NAME)";
				SWIFT_VERSION = 5.0;
				TARGETED_DEVICE_FAMILY = "1,2";
			};
			name = Release;
		};
		F91E975B276E4E18009A2EE7 /* Debug */ = {
			isa = XCBuildConfiguration;
			baseConfigurationReference = 681654C675A29D0222C84F4C /* Pods-FruitsAppTests.debug.xcconfig */;
			buildSettings = {
				ALWAYS_EMBED_SWIFT_STANDARD_LIBRARIES = YES;
				BUNDLE_LOADER = "$(TEST_HOST)";
				CODE_SIGN_STYLE = Automatic;
				INFOPLIST_FILE = FruitsAppTests/Info.plist;
				IPHONEOS_DEPLOYMENT_TARGET = 14.4;
				LD_RUNPATH_SEARCH_PATHS = (
					"$(inherited)",
					"@executable_path/Frameworks",
					"@loader_path/Frameworks",
				);
				PRODUCT_BUNDLE_IDENTIFIER = com.rp.FruitsAppTests;
				PRODUCT_NAME = "$(TARGET_NAME)";
				SWIFT_VERSION = 5.0;
				TARGETED_DEVICE_FAMILY = "1,2";
				TEST_HOST = "$(BUILT_PRODUCTS_DIR)/FruitsApp.app/FruitsApp";
			};
			name = Debug;
		};
		F91E975C276E4E18009A2EE7 /* Release */ = {
			isa = XCBuildConfiguration;
			baseConfigurationReference = 1DBD0C455F5313295AFB9243 /* Pods-FruitsAppTests.release.xcconfig */;
			buildSettings = {
				ALWAYS_EMBED_SWIFT_STANDARD_LIBRARIES = YES;
				BUNDLE_LOADER = "$(TEST_HOST)";
				CODE_SIGN_STYLE = Automatic;
				INFOPLIST_FILE = FruitsAppTests/Info.plist;
				IPHONEOS_DEPLOYMENT_TARGET = 14.4;
				LD_RUNPATH_SEARCH_PATHS = (
					"$(inherited)",
					"@executable_path/Frameworks",
					"@loader_path/Frameworks",
				);
				PRODUCT_BUNDLE_IDENTIFIER = com.rp.FruitsAppTests;
				PRODUCT_NAME = "$(TARGET_NAME)";
				SWIFT_VERSION = 5.0;
				TARGETED_DEVICE_FAMILY = "1,2";
				TEST_HOST = "$(BUILT_PRODUCTS_DIR)/FruitsApp.app/FruitsApp";
			};
			name = Release;
		};
		F91E975E276E4E18009A2EE7 /* Debug */ = {
			isa = XCBuildConfiguration;
			baseConfigurationReference = 89CA2BFF9AF81E35E5F6DDB7 /* Pods-FruitsApp-FruitsAppUITests.debug.xcconfig */;
			buildSettings = {
				ALWAYS_EMBED_SWIFT_STANDARD_LIBRARIES = YES;
				CODE_SIGN_STYLE = Automatic;
				INFOPLIST_FILE = FruitsAppUITests/Info.plist;
				LD_RUNPATH_SEARCH_PATHS = (
					"$(inherited)",
					"@executable_path/Frameworks",
					"@loader_path/Frameworks",
				);
				PRODUCT_BUNDLE_IDENTIFIER = com.rp.FruitsAppUITests;
				PRODUCT_NAME = "$(TARGET_NAME)";
				SWIFT_VERSION = 5.0;
				TARGETED_DEVICE_FAMILY = "1,2";
				TEST_TARGET_NAME = FruitsApp;
			};
			name = Debug;
		};
		F91E975F276E4E18009A2EE7 /* Release */ = {
			isa = XCBuildConfiguration;
			baseConfigurationReference = 0AF4E18FA1F6F4BB3E112746 /* Pods-FruitsApp-FruitsAppUITests.release.xcconfig */;
			buildSettings = {
				ALWAYS_EMBED_SWIFT_STANDARD_LIBRARIES = YES;
				CODE_SIGN_STYLE = Automatic;
				INFOPLIST_FILE = FruitsAppUITests/Info.plist;
				LD_RUNPATH_SEARCH_PATHS = (
					"$(inherited)",
					"@executable_path/Frameworks",
					"@loader_path/Frameworks",
				);
				PRODUCT_BUNDLE_IDENTIFIER = com.rp.FruitsAppUITests;
				PRODUCT_NAME = "$(TARGET_NAME)";
				SWIFT_VERSION = 5.0;
				TARGETED_DEVICE_FAMILY = "1,2";
				TEST_TARGET_NAME = FruitsApp;
			};
			name = Release;
		};
/* End XCBuildConfiguration section */

/* Begin XCConfigurationList section */
		F91E9728276E4E15009A2EE7 /* Build configuration list for PBXProject "FruitsApp" */ = {
			isa = XCConfigurationList;
			buildConfigurations = (
				F91E9755276E4E18009A2EE7 /* Debug */,
				F91E9756276E4E18009A2EE7 /* Release */,
			);
			defaultConfigurationIsVisible = 0;
			defaultConfigurationName = Release;
		};
		F91E9757276E4E18009A2EE7 /* Build configuration list for PBXNativeTarget "FruitsApp" */ = {
			isa = XCConfigurationList;
			buildConfigurations = (
				F91E9758276E4E18009A2EE7 /* Debug */,
				F91E9759276E4E18009A2EE7 /* Release */,
			);
			defaultConfigurationIsVisible = 0;
			defaultConfigurationName = Release;
		};
		F91E975A276E4E18009A2EE7 /* Build configuration list for PBXNativeTarget "FruitsAppTests" */ = {
			isa = XCConfigurationList;
			buildConfigurations = (
				F91E975B276E4E18009A2EE7 /* Debug */,
				F91E975C276E4E18009A2EE7 /* Release */,
			);
			defaultConfigurationIsVisible = 0;
			defaultConfigurationName = Release;
		};
		F91E975D276E4E18009A2EE7 /* Build configuration list for PBXNativeTarget "FruitsAppUITests" */ = {
			isa = XCConfigurationList;
			buildConfigurations = (
				F91E975E276E4E18009A2EE7 /* Debug */,
				F91E975F276E4E18009A2EE7 /* Release */,
			);
			defaultConfigurationIsVisible = 0;
			defaultConfigurationName = Release;
		};
/* End XCConfigurationList section */
	};
	rootObject = F91E9725276E4E15009A2EE7 /* Project object */;
}
